
Microsoft Visual Studio Solution File, Format Version 12.00
# Visual Studio 14
VisualStudioVersion = 14.0.25420.1
MinimumVisualStudioVersion = 10.0.40219.1
Project("{2150E333-8FDC-42A3-9474-1A3956D46DE8}") = "src", "src", "{9FC860DD-A121-471A-A2B9-71EC92A14CC5}"
EndProject
Project("{2150E333-8FDC-42A3-9474-1A3956D46DE8}") = "Solution Items", "Solution Items", "{8F38F75A-E525-40AB-8549-B8E38072EEBF}"
	ProjectSection(SolutionItems) = preProject
		global.json = global.json
	EndProjectSection
EndProject
Project("{8BB2217D-0F2D-49D1-97BC-3654ED321F3B}") = "Quantify", "src\Quantify\Quantify.xproj", "{CB366318-B99B-4D2D-9625-DFAA573B2A05}"
EndProject
Project("{8BB2217D-0F2D-49D1-97BC-3654ED321F3B}") = "Quantify.Tests", "src\Quantify.Tests\Quantify.Tests.xproj", "{A94873FE-DB91-4216-A557-EBB0D2119D5D}"
EndProject
Project("{8BB2217D-0F2D-49D1-97BC-3654ED321F3B}") = "Quantify.IntegrationTests", "src\Quantify.IntegrationTests\Quantify.IntegrationTests.xproj", "{EF279710-AC44-493B-B928-7592F54C0513}"
EndProject
Global
	GlobalSection(SolutionConfigurationPlatforms) = preSolution
		Debug|Any CPU = Debug|Any CPU
		Release|Any CPU = Release|Any CPU
	EndGlobalSection
	GlobalSection(ProjectConfigurationPlatforms) = postSolution
		{CB366318-B99B-4D2D-9625-DFAA573B2A05}.Debug|Any CPU.ActiveCfg = Debug|Any CPU
		{CB366318-B99B-4D2D-9625-DFAA573B2A05}.Debug|Any CPU.Build.0 = Debug|Any CPU
		{CB366318-B99B-4D2D-9625-DFAA573B2A05}.Release|Any CPU.ActiveCfg = Release|Any CPU
		{CB366318-B99B-4D2D-9625-DFAA573B2A05}.Release|Any CPU.Build.0 = Release|Any CPU
		{A94873FE-DB91-4216-A557-EBB0D2119D5D}.Debug|Any CPU.ActiveCfg = Debug|Any CPU
		{A94873FE-DB91-4216-A557-EBB0D2119D5D}.Debug|Any CPU.Build.0 = Debug|Any CPU
		{A94873FE-DB91-4216-A557-EBB0D2119D5D}.Release|Any CPU.ActiveCfg = Release|Any CPU
		{A94873FE-DB91-4216-A557-EBB0D2119D5D}.Release|Any CPU.Build.0 = Release|Any CPU
		{EF279710-AC44-493B-B928-7592F54C0513}.Debug|Any CPU.ActiveCfg = Debug|Any CPU
		{EF279710-AC44-493B-B928-7592F54C0513}.Debug|Any CPU.Build.0 = Debug|Any CPU
		{EF279710-AC44-493B-B928-7592F54C0513}.Release|Any CPU.ActiveCfg = Release|Any CPU
		{EF279710-AC44-493B-B928-7592F54C0513}.Release|Any CPU.Build.0 = Release|Any CPU
	EndGlobalSection
	GlobalSection(SolutionProperties) = preSolution
		HideSolutionNode = FALSE
	EndGlobalSection
	GlobalSection(NestedProjects) = preSolution
		{CB366318-B99B-4D2D-9625-DFAA573B2A05} = {9FC860DD-A121-471A-A2B9-71EC92A14CC5}
		{A94873FE-DB91-4216-A557-EBB0D2119D5D} = {9FC860DD-A121-471A-A2B9-71EC92A14CC5}
		{EF279710-AC44-493B-B928-7592F54C0513} = {9FC860DD-A121-471A-A2B9-71EC92A14CC5}
	EndGlobalSection
EndGlobal
